
Microsoft Visual Studio Solution File, Format Version 12.00
# Visual Studio Version 17
VisualStudioVersion = 17.4.33103.184
MinimumVisualStudioVersion = 10.0.40219.1
Project("{FAE04EC0-301F-11D3-BF4B-00C04F79EFBC}") = "LibraryApp", "LibraryApp\LibraryApp.csproj", "{224DDAC3-7D5D-43DB-9609-7C8AB7D625DD}"
EndProject
Global
	GlobalSection(SolutionConfigurationPlatforms) = preSolution
		Debug|Any CPU = Debug|Any CPU
		Release|Any CPU = Release|Any CPU
	EndGlobalSection
	GlobalSection(ProjectConfigurationPlatforms) = postSolution
		{224DDAC3-7D5D-43DB-9609-7C8AB7D625DD}.Debug|Any CPU.ActiveCfg = Debug|Any CPU
		{224DDAC3-7D5D-43DB-9609-7C8AB7D625DD}.Debug|Any CPU.Build.0 = Debug|Any CPU
		{224DDAC3-7D5D-43DB-9609-7C8AB7D625DD}.Release|Any CPU.ActiveCfg = Release|Any CPU
		{224DDAC3-7D5D-43DB-9609-7C8AB7D625DD}.Release|Any CPU.Build.0 = Release|Any CPU
	EndGlobalSection
	GlobalSection(SolutionProperties) = preSolution
		HideSolutionNode = FALSE
	EndGlobalSection
	GlobalSection(ExtensibilityGlobals) = postSolution
		SolutionGuid = {F5A0EC2F-8AAA-44D2-B6A2-8BF95EC3417D}
	EndGlobalSection
EndGlobal
